
Microsoft Visual Studio Solution File, Format Version 12.00
# Visual Studio Version 16
VisualStudioVersion = 16.0.29403.142
MinimumVisualStudioVersion = 10.0.40219.1
Project("{FAE04EC0-301F-11D3-BF4B-00C04F79EFBC}") = "Take a Ten Minute Walk", "Take a Ten Minute Walk\Take a Ten Minute Walk.csproj", "{29CD3832-47FC-4D2C-B1FF-A50A6FF2DAFD}"
EndProject
Project("{FAE04EC0-301F-11D3-BF4B-00C04F79EFBC}") = "UnitTest.Take a Ten Minute Walk", "UnitTest.Take a Ten Minute Walk\UnitTest.Take a Ten Minute Walk.csproj", "{2C80689A-D653-4809-813B-A79722AD7782}"
EndProject
Global
	GlobalSection(SolutionConfigurationPlatforms) = preSolution
		Debug|Any CPU = Debug|Any CPU
		Release|Any CPU = Release|Any CPU
	EndGlobalSection
	GlobalSection(ProjectConfigurationPlatforms) = postSolution
		{29CD3832-47FC-4D2C-B1FF-A50A6FF2DAFD}.Debug|Any CPU.ActiveCfg = Debug|Any CPU
		{29CD3832-47FC-4D2C-B1FF-A50A6FF2DAFD}.Debug|Any CPU.Build.0 = Debug|Any CPU
		{29CD3832-47FC-4D2C-B1FF-A50A6FF2DAFD}.Release|Any CPU.ActiveCfg = Release|Any CPU
		{29CD3832-47FC-4D2C-B1FF-A50A6FF2DAFD}.Release|Any CPU.Build.0 = Release|Any CPU
		{2C80689A-D653-4809-813B-A79722AD7782}.Debug|Any CPU.ActiveCfg = Debug|Any CPU
		{2C80689A-D653-4809-813B-A79722AD7782}.Debug|Any CPU.Build.0 = Debug|Any CPU
		{2C80689A-D653-4809-813B-A79722AD7782}.Release|Any CPU.ActiveCfg = Release|Any CPU
		{2C80689A-D653-4809-813B-A79722AD7782}.Release|Any CPU.Build.0 = Release|Any CPU
	EndGlobalSection
	GlobalSection(SolutionProperties) = preSolution
		HideSolutionNode = FALSE
	EndGlobalSection
	GlobalSection(ExtensibilityGlobals) = postSolution
		SolutionGuid = {6718D28C-E921-4B75-AA6C-5875C3183287}
	EndGlobalSection
EndGlobal
